// !$*UTF8*$!
{
	archiveVersion = 1;
	classes = {
	};
	objectVersion = 51;
	objects = {

/* Begin PBXBuildFile section */
		2981205B24F5C4B4002F9F58 /* AppDelegate.swift in Sources */ = {isa = PBXBuildFile; fileRef = 2981205A24F5C4B3002F9F58 /* AppDelegate.swift */; };
		2981205D24F5C4B4002F9F58 /* SceneDelegate.swift in Sources */ = {isa = PBXBuildFile; fileRef = 2981205C24F5C4B4002F9F58 /* SceneDelegate.swift */; };
		2981206224F5C4B4002F9F58 /* Main.storyboard in Resources */ = {isa = PBXBuildFile; fileRef = 2981206024F5C4B4002F9F58 /* Main.storyboard */; };
		2981206424F5C4B5002F9F58 /* Assets.xcassets in Resources */ = {isa = PBXBuildFile; fileRef = 2981206324F5C4B5002F9F58 /* Assets.xcassets */; };
		2981206724F5C4B5002F9F58 /* LaunchScreen.storyboard in Resources */ = {isa = PBXBuildFile; fileRef = 2981206524F5C4B5002F9F58 /* LaunchScreen.storyboard */; };
		2981207724F5D624002F9F58 /* WelcomeViewController.swift in Sources */ = {isa = PBXBuildFile; fileRef = 2981207624F5D624002F9F58 /* WelcomeViewController.swift */; };
		2981207924F5D925002F9F58 /* AuthViewController.swift in Sources */ = {isa = PBXBuildFile; fileRef = 2981207824F5D925002F9F58 /* AuthViewController.swift */; };
		299C1CDC24F85B9200FBC6AD /* GoogleService-Info.plist in Resources */ = {isa = PBXBuildFile; fileRef = 299C1CDB24F85B9200FBC6AD /* GoogleService-Info.plist */; };
		299C1CDE24F8646700FBC6AD /* UserController.swift in Sources */ = {isa = PBXBuildFile; fileRef = 299C1CDD24F8646700FBC6AD /* UserController.swift */; };
		29A12C7E24F72079000EC4CF /* User.swift in Sources */ = {isa = PBXBuildFile; fileRef = 29A12C7D24F72079000EC4CF /* User.swift */; };
		84D79316171D5D1B3FBED71A /* Pods_crunchyroll.framework in Frameworks */ = {isa = PBXBuildFile; fileRef = ABB0B6DFEB5A1093C28181EF /* Pods_crunchyroll.framework */; };
/* End PBXBuildFile section */

/* Begin PBXFileReference section */
		2981205724F5C4B3002F9F58 /* crunchyroll.app */ = {isa = PBXFileReference; explicitFileType = wrapper.application; includeInIndex = 0; path = crunchyroll.app; sourceTree = BUILT_PRODUCTS_DIR; };
		2981205A24F5C4B3002F9F58 /* AppDelegate.swift */ = {isa = PBXFileReference; lastKnownFileType = sourcecode.swift; path = AppDelegate.swift; sourceTree = "<group>"; };
		2981205C24F5C4B4002F9F58 /* SceneDelegate.swift */ = {isa = PBXFileReference; lastKnownFileType = sourcecode.swift; path = SceneDelegate.swift; sourceTree = "<group>"; };
		2981206124F5C4B4002F9F58 /* Base */ = {isa = PBXFileReference; lastKnownFileType = file.storyboard; name = Base; path = Base.lproj/Main.storyboard; sourceTree = "<group>"; };
		2981206324F5C4B5002F9F58 /* Assets.xcassets */ = {isa = PBXFileReference; lastKnownFileType = folder.assetcatalog; path = Assets.xcassets; sourceTree = "<group>"; };
		2981206624F5C4B5002F9F58 /* Base */ = {isa = PBXFileReference; lastKnownFileType = file.storyboard; name = Base; path = Base.lproj/LaunchScreen.storyboard; sourceTree = "<group>"; };
		2981206824F5C4B5002F9F58 /* Info.plist */ = {isa = PBXFileReference; lastKnownFileType = text.plist.xml; path = Info.plist; sourceTree = "<group>"; };
		2981207624F5D624002F9F58 /* WelcomeViewController.swift */ = {isa = PBXFileReference; lastKnownFileType = sourcecode.swift; path = WelcomeViewController.swift; sourceTree = "<group>"; };
		2981207824F5D925002F9F58 /* AuthViewController.swift */ = {isa = PBXFileReference; lastKnownFileType = sourcecode.swift; path = AuthViewController.swift; sourceTree = "<group>"; };
		299C1CDB24F85B9200FBC6AD /* GoogleService-Info.plist */ = {isa = PBXFileReference; fileEncoding = 4; lastKnownFileType = text.plist.xml; path = "GoogleService-Info.plist"; sourceTree = "<group>"; };
		299C1CDD24F8646700FBC6AD /* UserController.swift */ = {isa = PBXFileReference; lastKnownFileType = sourcecode.swift; path = UserController.swift; sourceTree = "<group>"; };
		29A12C7D24F72079000EC4CF /* User.swift */ = {isa = PBXFileReference; lastKnownFileType = sourcecode.swift; path = User.swift; sourceTree = "<group>"; };
		48D2FD8EFC093EFB2A55638F /* Pods-crunchyroll.release.xcconfig */ = {isa = PBXFileReference; includeInIndex = 1; lastKnownFileType = text.xcconfig; name = "Pods-crunchyroll.release.xcconfig"; path = "Target Support Files/Pods-crunchyroll/Pods-crunchyroll.release.xcconfig"; sourceTree = "<group>"; };
		ABB0B6DFEB5A1093C28181EF /* Pods_crunchyroll.framework */ = {isa = PBXFileReference; explicitFileType = wrapper.framework; includeInIndex = 0; path = Pods_crunchyroll.framework; sourceTree = BUILT_PRODUCTS_DIR; };
		C99A491860DCA3E2727B8F5D /* Pods-crunchyroll.debug.xcconfig */ = {isa = PBXFileReference; includeInIndex = 1; lastKnownFileType = text.xcconfig; name = "Pods-crunchyroll.debug.xcconfig"; path = "Target Support Files/Pods-crunchyroll/Pods-crunchyroll.debug.xcconfig"; sourceTree = "<group>"; };
/* End PBXFileReference section */

/* Begin PBXFrameworksBuildPhase section */
		2981205424F5C4B3002F9F58 /* Frameworks */ = {
			isa = PBXFrameworksBuildPhase;
			buildActionMask = 2147483647;
			files = (
				84D79316171D5D1B3FBED71A /* Pods_crunchyroll.framework in Frameworks */,
			);
			runOnlyForDeploymentPostprocessing = 0;
		};
/* End PBXFrameworksBuildPhase section */

/* Begin PBXGroup section */
		1AFCF90286EA718AFC1B0157 /* Pods */ = {
			isa = PBXGroup;
			children = (
				C99A491860DCA3E2727B8F5D /* Pods-crunchyroll.debug.xcconfig */,
				48D2FD8EFC093EFB2A55638F /* Pods-crunchyroll.release.xcconfig */,
			);
			path = Pods;
			sourceTree = "<group>";
		};
		2981204E24F5C4B3002F9F58 = {
			isa = PBXGroup;
			children = (
				2981205924F5C4B3002F9F58 /* crunchyroll */,
				2981205824F5C4B3002F9F58 /* Products */,
				1AFCF90286EA718AFC1B0157 /* Pods */,
				2B845E4A3D87E3F0015CB1A2 /* Frameworks */,
			);
			sourceTree = "<group>";
		};
		2981205824F5C4B3002F9F58 /* Products */ = {
			isa = PBXGroup;
			children = (
				2981205724F5C4B3002F9F58 /* crunchyroll.app */,
			);
			name = Products;
			sourceTree = "<group>";
		};
		2981205924F5C4B3002F9F58 /* crunchyroll */ = {
			isa = PBXGroup;
			children = (
				2981207024F5C62F002F9F58 /* Model */,
				2981207524F5D5F3002F9F58 /* Views */,
				2981207124F5C632002F9F58 /* Controllers */,
				2981207224F5C638002F9F58 /* Helpers */,
				2981206E24F5C4CF002F9F58 /* Resources */,
				2981206F24F5C4DA002F9F58 /* Storyboards */,
			);
			path = crunchyroll;
			sourceTree = "<group>";
		};
		2981206E24F5C4CF002F9F58 /* Resources */ = {
			isa = PBXGroup;
			children = (
				2981205A24F5C4B3002F9F58 /* AppDelegate.swift */,
				2981205C24F5C4B4002F9F58 /* SceneDelegate.swift */,
				2981206324F5C4B5002F9F58 /* Assets.xcassets */,
				299C1CDB24F85B9200FBC6AD /* GoogleService-Info.plist */,
				2981206824F5C4B5002F9F58 /* Info.plist */,
			);
			path = Resources;
			sourceTree = "<group>";
		};
		2981206F24F5C4DA002F9F58 /* Storyboards */ = {
			isa = PBXGroup;
			children = (
				2981206024F5C4B4002F9F58 /* Main.storyboard */,
				2981206524F5C4B5002F9F58 /* LaunchScreen.storyboard */,
			);
			path = Storyboards;
			sourceTree = "<group>";
		};
		2981207024F5C62F002F9F58 /* Model */ = {
			isa = PBXGroup;
			children = (
				29A12C7D24F72079000EC4CF /* User.swift */,
			);
			path = Model;
			sourceTree = "<group>";
		};
		2981207124F5C632002F9F58 /* Controllers */ = {
			isa = PBXGroup;
			children = (
				2981207424F5D5EE002F9F58 /* ViewControllers */,
				2981207324F5D5DE002F9F58 /* ModelControllers */,
			);
			path = Controllers;
			sourceTree = "<group>";
		};
		2981207224F5C638002F9F58 /* Helpers */ = {
			isa = PBXGroup;
			children = (
			);
			path = Helpers;
			sourceTree = "<group>";
		};
		2981207324F5D5DE002F9F58 /* ModelControllers */ = {
			isa = PBXGroup;
			children = (
				299C1CDD24F8646700FBC6AD /* UserController.swift */,
			);
			path = ModelControllers;
			sourceTree = "<group>";
		};
		2981207424F5D5EE002F9F58 /* ViewControllers */ = {
			isa = PBXGroup;
			children = (
				2981207624F5D624002F9F58 /* WelcomeViewController.swift */,
				2981207824F5D925002F9F58 /* AuthViewController.swift */,
			);
			path = ViewControllers;
			sourceTree = "<group>";
		};
		2981207524F5D5F3002F9F58 /* Views */ = {
			isa = PBXGroup;
			children = (
			);
			path = Views;
			sourceTree = "<group>";
		};
		2B845E4A3D87E3F0015CB1A2 /* Frameworks */ = {
			isa = PBXGroup;
			children = (
				ABB0B6DFEB5A1093C28181EF /* Pods_crunchyroll.framework */,
			);
			name = Frameworks;
			sourceTree = "<group>";
		};
/* End PBXGroup section */

/* Begin PBXNativeTarget section */
		2981205624F5C4B3002F9F58 /* crunchyroll */ = {
			isa = PBXNativeTarget;
			buildConfigurationList = 2981206B24F5C4B5002F9F58 /* Build configuration list for PBXNativeTarget "crunchyroll" */;
			buildPhases = (
				C9119D0D38C13BC8FDB7820D /* [CP] Check Pods Manifest.lock */,
				2981205324F5C4B3002F9F58 /* Sources */,
				2981205424F5C4B3002F9F58 /* Frameworks */,
				2981205524F5C4B3002F9F58 /* Resources */,
				4DA64C4D2E0C9135855DE2C5 /* [CP] Embed Pods Frameworks */,
			);
			buildRules = (
			);
			dependencies = (
			);
			name = crunchyroll;
			productName = crunchyroll;
			productReference = 2981205724F5C4B3002F9F58 /* crunchyroll.app */;
			productType = "com.apple.product-type.application";
		};
/* End PBXNativeTarget section */

/* Begin PBXProject section */
		2981204F24F5C4B3002F9F58 /* Project object */ = {
			isa = PBXProject;
			attributes = {
				LastSwiftUpdateCheck = 1160;
				LastUpgradeCheck = 1160;
				ORGANIZATIONNAME = "Leonardo Diaz";
				TargetAttributes = {
					2981205624F5C4B3002F9F58 = {
						CreatedOnToolsVersion = 11.6;
					};
				};
			};
			buildConfigurationList = 2981205224F5C4B3002F9F58 /* Build configuration list for PBXProject "crunchyroll" */;
			compatibilityVersion = "Xcode 9.3";
			developmentRegion = en;
			hasScannedForEncodings = 0;
			knownRegions = (
				en,
				Base,
			);
			mainGroup = 2981204E24F5C4B3002F9F58;
			productRefGroup = 2981205824F5C4B3002F9F58 /* Products */;
			projectDirPath = "";
			projectRoot = "";
			targets = (
				2981205624F5C4B3002F9F58 /* crunchyroll */,
			);
		};
/* End PBXProject section */

/* Begin PBXResourcesBuildPhase section */
		2981205524F5C4B3002F9F58 /* Resources */ = {
			isa = PBXResourcesBuildPhase;
			buildActionMask = 2147483647;
			files = (
				2981206724F5C4B5002F9F58 /* LaunchScreen.storyboard in Resources */,
				299C1CDC24F85B9200FBC6AD /* GoogleService-Info.plist in Resources */,
				2981206424F5C4B5002F9F58 /* Assets.xcassets in Resources */,
				2981206224F5C4B4002F9F58 /* Main.storyboard in Resources */,
			);
			runOnlyForDeploymentPostprocessing = 0;
		};
/* End PBXResourcesBuildPhase section */

/* Begin PBXShellScriptBuildPhase section */
		4DA64C4D2E0C9135855DE2C5 /* [CP] Embed Pods Frameworks */ = {
			isa = PBXShellScriptBuildPhase;
			buildActionMask = 2147483647;
			files = (
			);
			inputFileListPaths = (
				"${PODS_ROOT}/Target Support Files/Pods-crunchyroll/Pods-crunchyroll-frameworks-${CONFIGURATION}-input-files.xcfilelist",
			);
			name = "[CP] Embed Pods Frameworks";
			outputFileListPaths = (
				"${PODS_ROOT}/Target Support Files/Pods-crunchyroll/Pods-crunchyroll-frameworks-${CONFIGURATION}-output-files.xcfilelist",
			);
			runOnlyForDeploymentPostprocessing = 0;
			shellPath = /bin/sh;
			shellScript = "\"${PODS_ROOT}/Target Support Files/Pods-crunchyroll/Pods-crunchyroll-frameworks.sh\"\n";
			showEnvVarsInLog = 0;
		};
		C9119D0D38C13BC8FDB7820D /* [CP] Check Pods Manifest.lock */ = {
			isa = PBXShellScriptBuildPhase;
			buildActionMask = 2147483647;
			files = (
			);
			inputFileListPaths = (
			);
			inputPaths = (
				"${PODS_PODFILE_DIR_PATH}/Podfile.lock",
				"${PODS_ROOT}/Manifest.lock",
			);
			name = "[CP] Check Pods Manifest.lock";
			outputFileListPaths = (
			);
			outputPaths = (
				"$(DERIVED_FILE_DIR)/Pods-crunchyroll-checkManifestLockResult.txt",
			);
			runOnlyForDeploymentPostprocessing = 0;
			shellPath = /bin/sh;
			shellScript = "diff \"${PODS_PODFILE_DIR_PATH}/Podfile.lock\" \"${PODS_ROOT}/Manifest.lock\" > /dev/null\nif [ $? != 0 ] ; then\n    # print error to STDERR\n    echo \"error: The sandbox is not in sync with the Podfile.lock. Run 'pod install' or update your CocoaPods installation.\" >&2\n    exit 1\nfi\n# This output is used by Xcode 'outputs' to avoid re-running this script phase.\necho \"SUCCESS\" > \"${SCRIPT_OUTPUT_FILE_0}\"\n";
			showEnvVarsInLog = 0;
		};
/* End PBXShellScriptBuildPhase section */

/* Begin PBXSourcesBuildPhase section */
		2981205324F5C4B3002F9F58 /* Sources */ = {
			isa = PBXSourcesBuildPhase;
			buildActionMask = 2147483647;
			files = (
				299C1CDE24F8646700FBC6AD /* UserController.swift in Sources */,
				2981207924F5D925002F9F58 /* AuthViewController.swift in Sources */,
				2981207724F5D624002F9F58 /* WelcomeViewController.swift in Sources */,
				2981205B24F5C4B4002F9F58 /* AppDelegate.swift in Sources */,
				29A12C7E24F72079000EC4CF /* User.swift in Sources */,
				2981205D24F5C4B4002F9F58 /* SceneDelegate.swift in Sources */,
			);
			runOnlyForDeploymentPostprocessing = 0;
		};
/* End PBXSourcesBuildPhase section */

/* Begin PBXVariantGroup section */
		2981206024F5C4B4002F9F58 /* Main.storyboard */ = {
			isa = PBXVariantGroup;
			children = (
				2981206124F5C4B4002F9F58 /* Base */,
			);
			name = Main.storyboard;
			sourceTree = "<group>";
		};
		2981206524F5C4B5002F9F58 /* LaunchScreen.storyboard */ = {
			isa = PBXVariantGroup;
			children = (
				2981206624F5C4B5002F9F58 /* Base */,
			);
			name = LaunchScreen.storyboard;
			sourceTree = "<group>";
		};
/* End PBXVariantGroup section */

/* Begin XCBuildConfiguration section */
		2981206924F5C4B5002F9F58 /* Debug */ = {
			isa = XCBuildConfiguration;
			buildSettings = {
				ALWAYS_SEARCH_USER_PATHS = NO;
				CLANG_ANALYZER_NONNULL = YES;
				CLANG_ANALYZER_NUMBER_OBJECT_CONVERSION = YES_AGGRESSIVE;
				CLANG_CXX_LANGUAGE_STANDARD = "gnu++14";
				CLANG_CXX_LIBRARY = "libc++";
				CLANG_ENABLE_MODULES = YES;
				CLANG_ENABLE_OBJC_ARC = YES;
				CLANG_ENABLE_OBJC_WEAK = YES;
				CLANG_WARN_BLOCK_CAPTURE_AUTORELEASING = YES;
				CLANG_WARN_BOOL_CONVERSION = YES;
				CLANG_WARN_COMMA = YES;
				CLANG_WARN_CONSTANT_CONVERSION = YES;
				CLANG_WARN_DEPRECATED_OBJC_IMPLEMENTATIONS = YES;
				CLANG_WARN_DIRECT_OBJC_ISA_USAGE = YES_ERROR;
				CLANG_WARN_DOCUMENTATION_COMMENTS = YES;
				CLANG_WARN_EMPTY_BODY = YES;
				CLANG_WARN_ENUM_CONVERSION = YES;
				CLANG_WARN_INFINITE_RECURSION = YES;
				CLANG_WARN_INT_CONVERSION = YES;
				CLANG_WARN_NON_LITERAL_NULL_CONVERSION = YES;
				CLANG_WARN_OBJC_IMPLICIT_RETAIN_SELF = YES;
				CLANG_WARN_OBJC_LITERAL_CONVERSION = YES;
				CLANG_WARN_OBJC_ROOT_CLASS = YES_ERROR;
				CLANG_WARN_RANGE_LOOP_ANALYSIS = YES;
				CLANG_WARN_STRICT_PROTOTYPES = YES;
				CLANG_WARN_SUSPICIOUS_MOVE = YES;
				CLANG_WARN_UNGUARDED_AVAILABILITY = YES_AGGRESSIVE;
				CLANG_WARN_UNREACHABLE_CODE = YES;
				CLANG_WARN__DUPLICATE_METHOD_MATCH = YES;
				COPY_PHASE_STRIP = NO;
				DEBUG_INFORMATION_FORMAT = dwarf;
				ENABLE_STRICT_OBJC_MSGSEND = YES;
				ENABLE_TESTABILITY = YES;
				GCC_C_LANGUAGE_STANDARD = gnu11;
				GCC_DYNAMIC_NO_PIC = NO;
				GCC_NO_COMMON_BLOCKS = YES;
				GCC_OPTIMIZATION_LEVEL = 0;
				GCC_PREPROCESSOR_DEFINITIONS = (
					"DEBUG=1",
					"$(inherited)",
				);
				GCC_WARN_64_TO_32_BIT_CONVERSION = YES;
				GCC_WARN_ABOUT_RETURN_TYPE = YES_ERROR;
				GCC_WARN_UNDECLARED_SELECTOR = YES;
				GCC_WARN_UNINITIALIZED_AUTOS = YES_AGGRESSIVE;
				GCC_WARN_UNUSED_FUNCTION = YES;
				GCC_WARN_UNUSED_VARIABLE = YES;
				IPHONEOS_DEPLOYMENT_TARGET = 13.6;
				MTL_ENABLE_DEBUG_INFO = INCLUDE_SOURCE;
				MTL_FAST_MATH = YES;
				ONLY_ACTIVE_ARCH = YES;
				SDKROOT = iphoneos;
				SWIFT_ACTIVE_COMPILATION_CONDITIONS = DEBUG;
				SWIFT_OPTIMIZATION_LEVEL = "-Onone";
			};
			name = Debug;
		};
		2981206A24F5C4B5002F9F58 /* Release */ = {
			isa = XCBuildConfiguration;
			buildSettings = {
				ALWAYS_SEARCH_USER_PATHS = NO;
				CLANG_ANALYZER_NONNULL = YES;
				CLANG_ANALYZER_NUMBER_OBJECT_CONVERSION = YES_AGGRESSIVE;
				CLANG_CXX_LANGUAGE_STANDARD = "gnu++14";
				CLANG_CXX_LIBRARY = "libc++";
				CLANG_ENABLE_MODULES = YES;
				CLANG_ENABLE_OBJC_ARC = YES;
				CLANG_ENABLE_OBJC_WEAK = YES;
				CLANG_WARN_BLOCK_CAPTURE_AUTORELEASING = YES;
				CLANG_WARN_BOOL_CONVERSION = YES;
				CLANG_WARN_COMMA = YES;
				CLANG_WARN_CONSTANT_CONVERSION = YES;
				CLANG_WARN_DEPRECATED_OBJC_IMPLEMENTATIONS = YES;
				CLANG_WARN_DIRECT_OBJC_ISA_USAGE = YES_ERROR;
				CLANG_WARN_DOCUMENTATION_COMMENTS = YES;
				CLANG_WARN_EMPTY_BODY = YES;
				CLANG_WARN_ENUM_CONVERSION = YES;
				CLANG_WARN_INFINITE_RECURSION = YES;
				CLANG_WARN_INT_CONVERSION = YES;
				CLANG_WARN_NON_LITERAL_NULL_CONVERSION = YES;
				CLANG_WARN_OBJC_IMPLICIT_RETAIN_SELF = YES;
				CLANG_WARN_OBJC_LITERAL_CONVERSION = YES;
				CLANG_WARN_OBJC_ROOT_CLASS = YES_ERROR;
				CLANG_WARN_RANGE_LOOP_ANALYSIS = YES;
				CLANG_WARN_STRICT_PROTOTYPES = YES;
				CLANG_WARN_SUSPICIOUS_MOVE = YES;
				CLANG_WARN_UNGUARDED_AVAILABILITY = YES_AGGRESSIVE;
				CLANG_WARN_UNREACHABLE_CODE = YES;
				CLANG_WARN__DUPLICATE_METHOD_MATCH = YES;
				COPY_PHASE_STRIP = NO;
				DEBUG_INFORMATION_FORMAT = "dwarf-with-dsym";
				ENABLE_NS_ASSERTIONS = NO;
				ENABLE_STRICT_OBJC_MSGSEND = YES;
				GCC_C_LANGUAGE_STANDARD = gnu11;
				GCC_NO_COMMON_BLOCKS = YES;
				GCC_WARN_64_TO_32_BIT_CONVERSION = YES;
				GCC_WARN_ABOUT_RETURN_TYPE = YES_ERROR;
				GCC_WARN_UNDECLARED_SELECTOR = YES;
				GCC_WARN_UNINITIALIZED_AUTOS = YES_AGGRESSIVE;
				GCC_WARN_UNUSED_FUNCTION = YES;
				GCC_WARN_UNUSED_VARIABLE = YES;
				IPHONEOS_DEPLOYMENT_TARGET = 13.6;
				MTL_ENABLE_DEBUG_INFO = NO;
				MTL_FAST_MATH = YES;
				SDKROOT = iphoneos;
				SWIFT_COMPILATION_MODE = wholemodule;
				SWIFT_OPTIMIZATION_LEVEL = "-O";
				VALIDATE_PRODUCT = YES;
			};
			name = Release;
		};
		2981206C24F5C4B5002F9F58 /* Debug */ = {
			isa = XCBuildConfiguration;
			baseConfigurationReference = C99A491860DCA3E2727B8F5D /* Pods-crunchyroll.debug.xcconfig */;
			buildSettings = {
				ASSETCATALOG_COMPILER_APPICON_NAME = AppIcon;
				CODE_SIGN_STYLE = Automatic;
				INFOPLIST_FILE = crunchyroll/Resources/Info.plist;
				LD_RUNPATH_SEARCH_PATHS = (
					"$(inherited)",
					"@executable_path/Frameworks",
				);
				PRODUCT_BUNDLE_IDENTIFIER = com.leonardo.crunchyroll;
				PRODUCT_NAME = "$(TARGET_NAME)";
				SWIFT_VERSION = 5.0;
				TARGETED_DEVICE_FAMILY = "1,2";
			};
			name = Debug;
		};
		2981206D24F5C4B5002F9F58 /* Release */ = {
			isa = XCBuildConfiguration;
			baseConfigurationReference = 48D2FD8EFC093EFB2A55638F /* Pods-crunchyroll.release.xcconfig */;
			buildSettings = {
				ASSETCATALOG_COMPILER_APPICON_NAME = AppIcon;
				CODE_SIGN_STYLE = Automatic;
				INFOPLIST_FILE = crunchyroll/Resources/Info.plist;
				LD_RUNPATH_SEARCH_PATHS = (
					"$(inherited)",
					"@executable_path/Frameworks",
				);
				PRODUCT_BUNDLE_IDENTIFIER = com.leonardo.crunchyroll;
				PRODUCT_NAME = "$(TARGET_NAME)";
				SWIFT_VERSION = 5.0;
				TARGETED_DEVICE_FAMILY = "1,2";
			};
			name = Release;
		};
/* End XCBuildConfiguration section */

/* Begin XCConfigurationList section */
		2981205224F5C4B3002F9F58 /* Build configuration list for PBXProject "crunchyroll" */ = {
			isa = XCConfigurationList;
			buildConfigurations = (
				2981206924F5C4B5002F9F58 /* Debug */,
				2981206A24F5C4B5002F9F58 /* Release */,
			);
			defaultConfigurationIsVisible = 0;
			defaultConfigurationName = Release;
		};
		2981206B24F5C4B5002F9F58 /* Build configuration list for PBXNativeTarget "crunchyroll" */ = {
			isa = XCConfigurationList;
			buildConfigurations = (
				2981206C24F5C4B5002F9F58 /* Debug */,
				2981206D24F5C4B5002F9F58 /* Release */,
			);
			defaultConfigurationIsVisible = 0;
			defaultConfigurationName = Release;
		};
/* End XCConfigurationList section */
	};
	rootObject = 2981204F24F5C4B3002F9F58 /* Project object */;
}
